# This file was autogenerated by uv via the following command:
#    uv pip compile pyproject.toml -o requirements.lock
aiosignal==1.4.0
    # via ray
altair==5.5.0
    # via streamlit
anyio==4.9.0
    # via
    #   httpx
    #   jupyter-server
appdirs==1.4.4
    # via wandb
argon2-cffi==25.1.0
    # via jupyter-server
argon2-cffi-bindings==21.2.0
    # via argon2-cffi
arrow==1.3.0
    # via isoduration
asttokens==3.0.0
    # via stack-data
async-lru==2.0.5
    # via jupyterlab
attrs==25.3.0
    # via
    #   jsonschema
    #   referencing
babel==2.17.0
    # via jupyterlab-server
beautifulsoup4==4.13.4
    # via nbconvert
bleach==6.2.0
    # via nbconvert
blinker==1.9.0
    # via streamlit
cachetools==5.5.2
    # via streamlit
certifi==2025.7.14
    # via
    #   httpcore
    #   httpx
    #   requests
    #   sentry-sdk
cffi==1.17.1
    # via argon2-cffi-bindings
charset-normalizer==3.4.2
    # via requests
click==8.2.1
    # via
    #   ray
    #   streamlit
    #   wandb
comm==0.2.2
    # via ipykernel
contourpy==1.3.2
    # via matplotlib
cycler==0.12.1
    # via matplotlib
ddsketch==3.0.1
    # via vidur (pyproject.toml)
debugpy==1.8.15
    # via ipykernel
decorator==5.2.1
    # via ipython
defusedxml==0.7.1
    # via nbconvert
docker-pycreds==0.4.0
    # via wandb
executing==2.2.0
    # via stack-data
fasteners==0.17.3
    # via vidur (pyproject.toml)
fastjsonschema==2.21.1
    # via nbformat
filelock==3.18.0
    # via ray
fire==0.7.0
    # via randomname
fonttools==4.59.0
    # via matplotlib
fqdn==1.5.1
    # via jsonschema
frozenlist==1.7.0
    # via
    #   aiosignal
    #   ray
gitdb==4.0.12
    # via gitpython
gitpython==3.1.44
    # via
    #   streamlit
    #   wandb
h11==0.16.0
    # via httpcore
httpcore==1.0.9
    # via httpx
httpx==0.28.1
    # via jupyterlab
idna==3.10
    # via
    #   anyio
    #   httpx
    #   jsonschema
    #   requests
ipykernel==6.29.5
    # via jupyterlab
ipython==9.4.0
    # via ipykernel
ipython-pygments-lexers==1.1.1
    # via ipython
isoduration==20.11.0
    # via jsonschema
jedi==0.19.2
    # via ipython
jinja2==3.1.6
    # via
    #   altair
    #   jupyter-server
    #   jupyterlab
    #   jupyterlab-server
    #   nbconvert
    #   pydeck
joblib==1.5.1
    # via scikit-learn
json5==0.12.0
    # via jupyterlab-server
jsonpointer==3.0.0
    # via jsonschema
jsonschema==4.24.0
    # via
    #   altair
    #   jupyter-events
    #   jupyterlab-server
    #   nbformat
    #   ray
jsonschema-specifications==2025.4.1
    # via jsonschema
jupyter-client==8.6.3
    # via
    #   ipykernel
    #   jupyter-server
    #   nbclient
jupyter-core==5.8.1
    # via
    #   ipykernel
    #   jupyter-client
    #   jupyter-server
    #   jupyterlab
    #   nbclient
    #   nbconvert
    #   nbformat
jupyter-events==0.12.0
    # via jupyter-server
jupyter-lsp==2.2.5
    # via jupyterlab
jupyter-server==2.16.0
    # via
    #   jupyter-lsp
    #   jupyterlab
    #   jupyterlab-server
    #   notebook-shim
jupyter-server-terminals==0.5.3
    # via jupyter-server
jupyterlab==4.2.3
    # via vidur (pyproject.toml)
jupyterlab-pygments==0.3.0
    # via nbconvert
jupyterlab-server==2.27.3
    # via jupyterlab
kaleido==0.2.1
    # via vidur (pyproject.toml)
kiwisolver==1.4.8
    # via matplotlib
markdown-it-py==3.0.0
    # via rich
markupsafe==3.0.2
    # via
    #   jinja2
    #   nbconvert
matplotlib==3.9.0
    # via
    #   vidur (pyproject.toml)
    #   seaborn
matplotlib-inline==0.1.7
    # via
    #   ipykernel
    #   ipython
mdurl==0.1.2
    # via markdown-it-py
mistune==3.1.3
    # via nbconvert
msgpack==1.1.1
    # via ray
narwhals==1.47.0
    # via
    #   altair
    #   plotly
nbclient==0.10.2
    # via nbconvert
nbconvert==7.16.6
    # via jupyter-server
nbformat==5.10.4
    # via
    #   jupyter-server
    #   nbclient
    #   nbconvert
nest-asyncio==1.6.0
    # via ipykernel
notebook-shim==0.2.4
    # via jupyterlab
numpy==1.26.4
    # via
    #   vidur (pyproject.toml)
    #   contourpy
    #   matplotlib
    #   pandas
    #   paretoset
    #   patsy
    #   plotly-express
    #   pydeck
    #   scikit-learn
    #   scipy
    #   seaborn
    #   statsmodels
    #   streamlit
overrides==7.7.0
    # via jupyter-server
packaging==24.2
    # via
    #   altair
    #   ipykernel
    #   jupyter-events
    #   jupyter-server
    #   jupyterlab
    #   jupyterlab-server
    #   matplotlib
    #   nbconvert
    #   plotly
    #   ray
    #   statsmodels
    #   streamlit
pandas==2.3.1
    # via
    #   paretoset
    #   plotly-express
    #   seaborn
    #   statsmodels
    #   streamlit
pandocfilters==1.5.1
    # via nbconvert
paretoset==1.2.3
    # via vidur (pyproject.toml)
parso==0.8.4
    # via jedi
patsy==1.0.1
    # via
    #   plotly-express
    #   statsmodels
pexpect==4.9.0
    # via ipython
pillow==10.4.0
    # via
    #   matplotlib
    #   streamlit
platformdirs==4.3.8
    # via jupyter-core
plotly==6.2.0
    # via plotly-express
plotly-express==0.4.1
    # via vidur (pyproject.toml)
prometheus-client==0.22.1
    # via jupyter-server
prompt-toolkit==3.0.51
    # via ipython
protobuf==4.25.8
    # via
    #   ray
    #   streamlit
    #   wandb
psutil==7.0.0
    # via
    #   ipykernel
    #   wandb
ptyprocess==0.7.0
    # via
    #   pexpect
    #   terminado
pure-eval==0.2.3
    # via stack-data
pyarrow==20.0.0
    # via streamlit
pycparser==2.22
    # via cffi
pydeck==0.9.1
    # via streamlit
pygments==2.19.2
    # via
    #   ipython
    #   ipython-pygments-lexers
    #   nbconvert
    #   rich
pyparsing==3.2.3
    # via matplotlib
python-dateutil==2.9.0.post0
    # via
    #   arrow
    #   jupyter-client
    #   matplotlib
    #   pandas
python-json-logger==3.3.0
    # via jupyter-events
pytz==2025.2
    # via pandas
pyyaml==6.0.1
    # via
    #   vidur (pyproject.toml)
    #   jupyter-events
    #   ray
    #   wandb
pyzmq==27.0.0
    # via
    #   ipykernel
    #   jupyter-client
    #   jupyter-server
randomname==0.2.1
    # via vidur (pyproject.toml)
ray==2.31.0
    # via vidur (pyproject.toml)
referencing==0.36.2
    # via
    #   jsonschema
    #   jsonschema-specifications
    #   jupyter-events
requests==2.32.4
    # via
    #   jupyterlab-server
    #   ray
    #   streamlit
    #   wandb
rfc3339-validator==0.1.4
    # via
    #   jsonschema
    #   jupyter-events
rfc3986-validator==0.1.1
    # via
    #   jsonschema
    #   jupyter-events
rich==13.9.4
    # via streamlit
rpds-py==0.26.0
    # via
    #   jsonschema
    #   referencing
scikit-learn==1.5.0
    # via vidur (pyproject.toml)
scipy==1.16.0
    # via
    #   plotly-express
    #   scikit-learn
    #   statsmodels
seaborn==0.13.2
    # via vidur (pyproject.toml)
send2trash==1.8.3
    # via jupyter-server
sentry-sdk==2.33.0
    # via wandb
setproctitle==1.3.6
    # via wandb
setuptools==80.9.0
    # via
    #   jupyterlab
    #   wandb
six==1.17.0
    # via
    #   ddsketch
    #   docker-pycreds
    #   python-dateutil
    #   rfc3339-validator
smmap==5.0.2
    # via gitdb
snakeviz==2.2.0
    # via vidur (pyproject.toml)
sniffio==1.3.1
    # via anyio
soupsieve==2.7
    # via beautifulsoup4
stack-data==0.6.3
    # via ipython
statsmodels==0.14.5
    # via plotly-express
streamlit==1.36.0
    # via vidur (pyproject.toml)
tenacity==8.5.0
    # via streamlit
termcolor==3.1.0
    # via fire
terminado==0.18.1
    # via
    #   jupyter-server
    #   jupyter-server-terminals
threadpoolctl==3.6.0
    # via scikit-learn
tinycss2==1.4.0
    # via bleach
toml==0.10.2
    # via streamlit
tornado==6.5.1
    # via
    #   ipykernel
    #   jupyter-client
    #   jupyter-server
    #   jupyterlab
    #   snakeviz
    #   streamlit
    #   terminado
traitlets==5.14.3
    # via
    #   comm
    #   ipykernel
    #   ipython
    #   jupyter-client
    #   jupyter-core
    #   jupyter-events
    #   jupyter-server
    #   jupyterlab
    #   matplotlib-inline
    #   nbclient
    #   nbconvert
    #   nbformat
types-python-dateutil==2.9.0.20250708
    # via arrow
typing-extensions==4.14.1
    # via
    #   aiosignal
    #   altair
    #   anyio
    #   beautifulsoup4
    #   referencing
    #   streamlit
tzdata==2025.2
    # via pandas
uri-template==1.3.0
    # via jsonschema
urllib3==2.5.0
    # via
    #   requests
    #   sentry-sdk
wandb==0.16.6
    # via vidur (pyproject.toml)
watchdog==4.0.2
    # via streamlit
wcwidth==0.2.13
    # via prompt-toolkit
webcolors==24.11.1
    # via jsonschema
webencodings==0.5.1
    # via
    #   bleach
    #   tinycss2
websocket-client==1.8.0
    # via jupyter-server
